
Microsoft Visual Studio Solution File, Format Version 12.00
# Visual Studio Version 17
VisualStudioVersion = 17.4.33403.182
MinimumVisualStudioVersion = 10.0.40219.1
Project("{FAE04EC0-301F-11D3-BF4B-00C04F79EFBC}") = "CRUD", "CRUD\CRUD.csproj", "{60A533D1-6D6F-443A-9CDB-6A9FF4C94068}"
EndProject
Global
	GlobalSection(SolutionConfigurationPlatforms) = preSolution
		Debug|Any CPU = Debug|Any CPU
		Release|Any CPU = Release|Any CPU
	EndGlobalSection
	GlobalSection(ProjectConfigurationPlatforms) = postSolution
		{60A533D1-6D6F-443A-9CDB-6A9FF4C94068}.Debug|Any CPU.ActiveCfg = Debug|Any CPU
		{60A533D1-6D6F-443A-9CDB-6A9FF4C94068}.Debug|Any CPU.Build.0 = Debug|Any CPU
		{60A533D1-6D6F-443A-9CDB-6A9FF4C94068}.Release|Any CPU.ActiveCfg = Release|Any CPU
		{60A533D1-6D6F-443A-9CDB-6A9FF4C94068}.Release|Any CPU.Build.0 = Release|Any CPU
	EndGlobalSection
	GlobalSection(SolutionProperties) = preSolution
		HideSolutionNode = FALSE
	EndGlobalSection
	GlobalSection(ExtensibilityGlobals) = postSolution
		SolutionGuid = {06B62D49-79A4-446C-931B-680BC92B9B3D}
	EndGlobalSection
EndGlobal
